
Microsoft Visual Studio Solution File, Format Version 12.00
# Visual Studio Version 16
VisualStudioVersion = 16.0.32602.291
MinimumVisualStudioVersion = 10.0.40219.1
Project("{FAE04EC0-301F-11D3-BF4B-00C04F79EFBC}") = "demoapp", "demoapp\demoapp.csproj", "{2F8C69E8-E18F-4CA1-A7E2-B731BF912C16}"
EndProject
Global
	GlobalSection(SolutionConfigurationPlatforms) = preSolution
		Debug|Any CPU = Debug|Any CPU
		Release|Any CPU = Release|Any CPU
	EndGlobalSection
	GlobalSection(ProjectConfigurationPlatforms) = postSolution
		{2F8C69E8-E18F-4CA1-A7E2-B731BF912C16}.Debug|Any CPU.ActiveCfg = Debug|Any CPU
		{2F8C69E8-E18F-4CA1-A7E2-B731BF912C16}.Debug|Any CPU.Build.0 = Debug|Any CPU
		{2F8C69E8-E18F-4CA1-A7E2-B731BF912C16}.Release|Any CPU.ActiveCfg = Release|Any CPU
		{2F8C69E8-E18F-4CA1-A7E2-B731BF912C16}.Release|Any CPU.Build.0 = Release|Any CPU
	EndGlobalSection
	GlobalSection(SolutionProperties) = preSolution
		HideSolutionNode = FALSE
	EndGlobalSection
	GlobalSection(ExtensibilityGlobals) = postSolution
		SolutionGuid = {956AD6A2-1468-4498-B333-7F966469ED64}
	EndGlobalSection
EndGlobal
